
Microsoft Visual Studio Solution File, Format Version 12.00
Project("{FAE04EC0-301F-11D3-BF4B-00C04F79EFBC}") = "CompactWorkTab", "CompactWorkTab\CompactWorkTab.csproj", "{3035DD4C-1651-4B77-8CBE-EA43BBF21E8B}"
EndProject
Global
	GlobalSection(SolutionConfigurationPlatforms) = preSolution
		Debug|Any CPU = Debug|Any CPU
		Release|Any CPU = Release|Any CPU
	EndGlobalSection
	GlobalSection(ProjectConfigurationPlatforms) = postSolution
		{3035DD4C-1651-4B77-8CBE-EA43BBF21E8B}.Debug|Any CPU.ActiveCfg = Debug|Any CPU
		{3035DD4C-1651-4B77-8CBE-EA43BBF21E8B}.Debug|Any CPU.Build.0 = Debug|Any CPU
		{3035DD4C-1651-4B77-8CBE-EA43BBF21E8B}.Release|Any CPU.ActiveCfg = Release|Any CPU
		{3035DD4C-1651-4B77-8CBE-EA43BBF21E8B}.Release|Any CPU.Build.0 = Release|Any CPU
	EndGlobalSection
EndGlobal
